
Microsoft Visual Studio Solution File, Format Version 12.00
# Visual Studio Version 17
VisualStudioVersion = 17.8.34330.188
MinimumVisualStudioVersion = 10.0.40219.1
Project("{FAE04EC0-301F-11D3-BF4B-00C04F79EFBC}") = "web1", "web1\web1.csproj", "{BD26CC3E-61EE-4767-9502-F6B9BED1CFC1}"
EndProject
Global
	GlobalSection(SolutionConfigurationPlatforms) = preSolution
		Debug|Any CPU = Debug|Any CPU
		Release|Any CPU = Release|Any CPU
	EndGlobalSection
	GlobalSection(ProjectConfigurationPlatforms) = postSolution
		{BD26CC3E-61EE-4767-9502-F6B9BED1CFC1}.Debug|Any CPU.ActiveCfg = Debug|Any CPU
		{BD26CC3E-61EE-4767-9502-F6B9BED1CFC1}.Debug|Any CPU.Build.0 = Debug|Any CPU
		{BD26CC3E-61EE-4767-9502-F6B9BED1CFC1}.Release|Any CPU.ActiveCfg = Release|Any CPU
		{BD26CC3E-61EE-4767-9502-F6B9BED1CFC1}.Release|Any CPU.Build.0 = Release|Any CPU
	EndGlobalSection
	GlobalSection(SolutionProperties) = preSolution
		HideSolutionNode = FALSE
	EndGlobalSection
	GlobalSection(ExtensibilityGlobals) = postSolution
		SolutionGuid = {DEDB2984-DB21-4C16-9552-4692C622BE11}
	EndGlobalSection
EndGlobal
